
Microsoft Visual Studio Solution File, Format Version 12.00
# Visual Studio Version 16
VisualStudioVersion = 16.0.30711.63
MinimumVisualStudioVersion = 10.0.40219.1
Project("{9A19103F-16F7-4668-BE54-9A1E7A4F7556}") = "Sample1", "Sample1\Sample1.csproj", "{D758DCAB-BA70-49B9-BE31-0D4E70BC9C60}"
EndProject
Project("{FAE04EC0-301F-11D3-BF4B-00C04F79EFBC}") = "Common", "Common\Common.csproj", "{F3C6DA0F-2A70-44DF-B0BF-89E384993230}"
EndProject
Project("{FAE04EC0-301F-11D3-BF4B-00C04F79EFBC}") = "Sample2", "Sample2\Sample2.csproj", "{7949486F-59F3-4398-9E24-2CA1945F92A2}"
EndProject
Project("{FAE04EC0-301F-11D3-BF4B-00C04F79EFBC}") = "Sample3", "Sample3\Sample3.csproj", "{F223B5B6-D230-4920-B9BE-A24A810EC9D2}"
EndProject
Project("{FAE04EC0-301F-11D3-BF4B-00C04F79EFBC}") = "Sample4", "Sample4\Sample4.csproj", "{6ECC67CA-118B-4CB2-861E-7A9060B010BC}"
EndProject
Global
	GlobalSection(SolutionConfigurationPlatforms) = preSolution
		Debug|Any CPU = Debug|Any CPU
		Release|Any CPU = Release|Any CPU
	EndGlobalSection
	GlobalSection(ProjectConfigurationPlatforms) = postSolution
		{D758DCAB-BA70-49B9-BE31-0D4E70BC9C60}.Debug|Any CPU.ActiveCfg = Debug|Any CPU
		{D758DCAB-BA70-49B9-BE31-0D4E70BC9C60}.Debug|Any CPU.Build.0 = Debug|Any CPU
		{D758DCAB-BA70-49B9-BE31-0D4E70BC9C60}.Release|Any CPU.ActiveCfg = Release|Any CPU
		{D758DCAB-BA70-49B9-BE31-0D4E70BC9C60}.Release|Any CPU.Build.0 = Release|Any CPU
		{F3C6DA0F-2A70-44DF-B0BF-89E384993230}.Debug|Any CPU.ActiveCfg = Debug|Any CPU
		{F3C6DA0F-2A70-44DF-B0BF-89E384993230}.Debug|Any CPU.Build.0 = Debug|Any CPU
		{F3C6DA0F-2A70-44DF-B0BF-89E384993230}.Release|Any CPU.ActiveCfg = Release|Any CPU
		{F3C6DA0F-2A70-44DF-B0BF-89E384993230}.Release|Any CPU.Build.0 = Release|Any CPU
		{7949486F-59F3-4398-9E24-2CA1945F92A2}.Debug|Any CPU.ActiveCfg = Debug|Any CPU
		{7949486F-59F3-4398-9E24-2CA1945F92A2}.Debug|Any CPU.Build.0 = Debug|Any CPU
		{7949486F-59F3-4398-9E24-2CA1945F92A2}.Release|Any CPU.ActiveCfg = Release|Any CPU
		{7949486F-59F3-4398-9E24-2CA1945F92A2}.Release|Any CPU.Build.0 = Release|Any CPU
		{F223B5B6-D230-4920-B9BE-A24A810EC9D2}.Debug|Any CPU.ActiveCfg = Debug|Any CPU
		{F223B5B6-D230-4920-B9BE-A24A810EC9D2}.Debug|Any CPU.Build.0 = Debug|Any CPU
		{F223B5B6-D230-4920-B9BE-A24A810EC9D2}.Release|Any CPU.ActiveCfg = Release|Any CPU
		{F223B5B6-D230-4920-B9BE-A24A810EC9D2}.Release|Any CPU.Build.0 = Release|Any CPU
		{6ECC67CA-118B-4CB2-861E-7A9060B010BC}.Debug|Any CPU.ActiveCfg = Debug|Any CPU
		{6ECC67CA-118B-4CB2-861E-7A9060B010BC}.Debug|Any CPU.Build.0 = Debug|Any CPU
		{6ECC67CA-118B-4CB2-861E-7A9060B010BC}.Release|Any CPU.ActiveCfg = Release|Any CPU
		{6ECC67CA-118B-4CB2-861E-7A9060B010BC}.Release|Any CPU.Build.0 = Release|Any CPU
	EndGlobalSection
	GlobalSection(SolutionProperties) = preSolution
		HideSolutionNode = FALSE
	EndGlobalSection
	GlobalSection(ExtensibilityGlobals) = postSolution
		SolutionGuid = {1E74EFB7-4783-4182-A7CC-6FB0A252C791}
	EndGlobalSection
EndGlobal
